{
  "name": "SqwareUp Landing Page",
  "lockfileVersion": 3,
  "requires": true,
  "packages": {
    "": {
      "dependencies": {
        "@vercel/analytics": "^1.3.1",
        "bulma": "^1.0.1",
        "gitignore": "^0.7.0"
      }
    },
    "node_modules/@vercel/analytics": {
      "version": "1.3.1",
      "resolved": "https://registry.npmjs.org/@vercel/analytics/-/analytics-1.3.1.tgz",
      "integrity": "sha512-xhSlYgAuJ6Q4WQGkzYTLmXwhYl39sWjoMA3nHxfkvG+WdBT25c563a7QhwwKivEOZtPJXifYHR1m2ihoisbWyA==",
      "license": "MPL-2.0",
      "dependencies": {
        "server-only": "^0.0.1"
      },
      "peerDependencies": {
        "next": ">= 13",
        "react": "^18 || ^19"
      },
      "peerDependenciesMeta": {
        "next": {
          "optional": true
        },
        "react": {
          "optional": true
        }
      }
    },
    "node_modules/bulma": {
      "version": "1.0.1",
      "resolved": "https://registry.npmjs.org/bulma/-/bulma-1.0.1.tgz",
      "integrity": "sha512-+xv/BIAEQakHkR0QVz+s+RjNqfC53Mx9ZYexyaFNFo9wx5i76HXArNdwW7bccyJxa5mgV/T5DcVGqsAB19nBJQ=="
    },
    "node_modules/gitignore": {
      "version": "0.7.0",
      "resolved": "https://registry.npmjs.org/gitignore/-/gitignore-0.7.0.tgz",
      "integrity": "sha512-6iE891OyeYQYVvdoWI/hcxDWJ0sOngSpIRadxLoYbsnZdqWIUsEfx+IrOpW3d/zWBA/eKYvs6ZZx6ogz2wEGoQ==",
      "bin": {
        "gitignore": "bin/gitignore.js"
      },
      "engines": {
        "node": "*"
      }
    },
    "node_modules/server-only": {
      "version": "0.0.1",
      "resolved": "https://registry.npmjs.org/server-only/-/server-only-0.0.1.tgz",
      "integrity": "sha512-qepMx2JxAa5jjfzxG79yPPq+8BuFToHd1hm7kI+Z4zAq1ftQiP7HcxMhDDItrbtwVeLg/cY2JnKnrcFkmiswNA==",
      "license": "MIT"
    }
  }
}
