{
  "name": "SqwareUp Landing Page",
  "lockfileVersion": 3,
  "requires": true,
  "packages": {
    "": {
      "dependencies": {
        "bulma": "^1.0.1",
        "gitignore": "^0.7.0"
      }
    },
    "node_modules/bulma": {
      "version": "1.0.1",
      "resolved": "https://registry.npmjs.org/bulma/-/bulma-1.0.1.tgz",
      "integrity": "sha512-+xv/BIAEQakHkR0QVz+s+RjNqfC53Mx9ZYexyaFNFo9wx5i76HXArNdwW7bccyJxa5mgV/T5DcVGqsAB19nBJQ=="
    },
    "node_modules/gitignore": {
      "version": "0.7.0",
      "resolved": "https://registry.npmjs.org/gitignore/-/gitignore-0.7.0.tgz",
      "integrity": "sha512-6iE891OyeYQYVvdoWI/hcxDWJ0sOngSpIRadxLoYbsnZdqWIUsEfx+IrOpW3d/zWBA/eKYvs6ZZx6ogz2wEGoQ==",
      "bin": {
        "gitignore": "bin/gitignore.js"
      },
      "engines": {
        "node": "*"
      }
    }
  }
}
